# Generated by pub
# See https://dart.dev/tools/pub/glossary#lockfile
packages:
  async:
    dependency: transitive
    description:
      name: async
      sha256: "947bfcf187f74dbc5e146c9eb9c0f10c9f8b30743e341481c1e2ed3ecc18c20c"
      url: "https://pub.dev"
    source: hosted
    version: "2.11.0"
  boolean_selector:
    dependency: transitive
    description:
      name: boolean_selector
      sha256: "6cfb5af12253eaf2b368f07bacc5a80d1301a071c73360d746b7f2e32d762c66"
      url: "https://pub.dev"
    source: hosted
    version: "2.1.1"
  characters:
    dependency: transitive
    description:
      name: characters
      sha256: "04a925763edad70e8443c99234dc3328f442e811f1d8fd1a72f1c8ad0f69a605"
      url: "https://pub.dev"
    source: hosted
    version: "1.3.0"
  cherry_toast:
    dependency: "direct main"
    description:
      name: cherry_toast
      sha256: "266bcd9dd1220ffd8f907aa70ae2a34d8c6d10073b4e065c1ef9a1131812e197"
      url: "https://pub.dev"
    source: hosted
    version: "1.10.1"
  clock:
    dependency: transitive
    description:
      name: clock
      sha256: cb6d7f03e1de671e34607e909a7213e31d7752be4fb66a86d29fe1eb14bfb5cf
      url: "https://pub.dev"
    source: hosted
    version: "1.1.1"
  collection:
    dependency: transitive
    description:
      name: collection
      sha256: ee67cb0715911d28db6bf4af1026078bd6f0128b07a5f66fb2ed94ec6783c09a
      url: "https://pub.dev"
    source: hosted
    version: "1.18.0"
  cross_file:
    dependency: transitive
    description:
      name: cross_file
      sha256: "55d7b444feb71301ef6b8838dbc1ae02e63dd48c8773f3810ff53bb1e2945b32"
      url: "https://pub.dev"
    source: hosted
    version: "0.3.4+1"
  crypto:
    dependency: transitive
    description:
      name: crypto
      sha256: ff625774173754681d66daaf4a448684fb04b78f902da9cb3d308c19cc5e8bab
      url: "https://pub.dev"
    source: hosted
    version: "3.0.3"
  csslib:
    dependency: transitive
    description:
      name: csslib
      sha256: "706b5707578e0c1b4b7550f64078f0a0f19dec3f50a178ffae7006b0a9ca58fb"
      url: "https://pub.dev"
    source: hosted
    version: "1.0.0"
  cupertino_icons:
    dependency: "direct main"
    description:
      name: cupertino_icons
      sha256: ba631d1c7f7bef6b729a622b7b752645a2d076dba9976925b8f25725a30e1ee6
      url: "https://pub.dev"
    source: hosted
    version: "1.0.8"
  device_apps:
    dependency: "direct main"
    description:
      path: "."
      ref: HEAD
      resolved-ref: dc6931bb579ead442faf1828b1913e151961c253
      url: "https://github.com/sumitsharansatsangi/flutter_plugin_device_apps.git"
    source: git
    version: "2.2.0"
  device_info_plus:
    dependency: "direct main"
    description:
      path: "."
      ref: HEAD
      resolved-ref: "5928dc5b95da60ba7e22ef0af97a64a06e0a58d4"
      url: "https://github.com/kumsumit/device_info_plus.git"
    source: git
    version: "10.1.0"
  device_info_plus_platform_interface:
    dependency: transitive
    description:
      path: "."
      ref: HEAD
      resolved-ref: "3a3df14ded5c312b3a3a83026e173bab47e866cb"
      url: "https://github.com/kumsumit/device_info_plus_platform_interface.git"
    source: git
    version: "7.0.0"
  fake_async:
    dependency: transitive
    description:
      name: fake_async
      sha256: "511392330127add0b769b75a987850d136345d9227c6b94c96a04cf4a391bf78"
      url: "https://pub.dev"
    source: hosted
    version: "1.3.1"
  ffi:
    dependency: transitive
    description:
      name: ffi
      sha256: "493f37e7df1804778ff3a53bd691d8692ddf69702cf4c1c1096a2e41b4779e21"
      url: "https://pub.dev"
    source: hosted
    version: "2.1.2"
  file:
    dependency: "direct main"
    description:
      name: file
      sha256: "5fc22d7c25582e38ad9a8515372cd9a93834027aacf1801cf01164dac0ffa08c"
      url: "https://pub.dev"
    source: hosted
    version: "7.0.0"
  fixnum:
    dependency: transitive
    description:
      name: fixnum
      sha256: "25517a4deb0c03aa0f32fd12db525856438902d9c16536311e76cdc57b31d7d1"
      url: "https://pub.dev"
    source: hosted
    version: "1.1.0"
  flutter:
    dependency: "direct main"
    description: flutter
    source: sdk
    version: "0.0.0"
  flutter_icons:
    dependency: "direct main"
    description:
      path: "."
      ref: HEAD
      resolved-ref: "08896106a8486e8e29ac0904dc47bf79e762fc5a"
      url: "https://github.com/jibiel/flutter-icons.git"
    source: git
    version: "2.0.0"
  flutter_isolate:
    dependency: transitive
    description:
      path: "."
      ref: HEAD
      resolved-ref: "2926d10e8eb2d65a962755389643b7ca7d9b1146"
      url: "https://github.com/sumitsharansatsangi/flutter_isolate.git"
    source: git
    version: "2.0.5-pre"
  flutter_test:
    dependency: "direct dev"
    description: flutter
    source: sdk
    version: "0.0.0"
  flutter_web_plugins:
    dependency: transitive
    description: flutter
    source: sdk
    version: "0.0.0"
  html:
    dependency: transitive
    description:
      name: html
      sha256: "3a7812d5bcd2894edf53dfaf8cd640876cf6cef50a8f238745c8b8120ea74d3a"
      url: "https://pub.dev"
    source: hosted
    version: "0.15.4"
  intl:
    dependency: "direct main"
    description:
      name: intl
      sha256: d6f56758b7d3014a48af9701c085700aac781a92a87a62b1333b46d8879661cf
      url: "https://pub.dev"
    source: hosted
    version: "0.19.0"
  isolate_handler:
    dependency: "direct main"
    description:
      path: "."
      ref: HEAD
      resolved-ref: ef4bce411582b4a2de264082c124217f1f9b60df
      url: "https://github.com/sumitsharansatsangi/isolate_handler.git"
    source: git
    version: "1.0.2"
  leak_tracker:
    dependency: transitive
    description:
      name: leak_tracker
      sha256: "78eb209deea09858f5269f5a5b02be4049535f568c07b275096836f01ea323fa"
      url: "https://pub.dev"
    source: hosted
    version: "10.0.0"
  leak_tracker_flutter_testing:
    dependency: transitive
    description:
      name: leak_tracker_flutter_testing
      sha256: b46c5e37c19120a8a01918cfaf293547f47269f7cb4b0058f21531c2465d6ef0
      url: "https://pub.dev"
    source: hosted
    version: "2.0.1"
  leak_tracker_testing:
    dependency: transitive
    description:
      name: leak_tracker_testing
      sha256: a597f72a664dbd293f3bfc51f9ba69816f84dcd403cdac7066cb3f6003f3ab47
      url: "https://pub.dev"
    source: hosted
    version: "2.0.1"
  matcher:
    dependency: transitive
    description:
      name: matcher
      sha256: d2323aa2060500f906aa31a895b4030b6da3ebdcc5619d14ce1aada65cd161cb
      url: "https://pub.dev"
    source: hosted
    version: "0.12.16+1"
  material_color_utilities:
    dependency: transitive
    description:
      name: material_color_utilities
      sha256: "0e0a020085b65b6083975e499759762399b4475f766c21668c4ecca34ea74e5a"
      url: "https://pub.dev"
    source: hosted
    version: "0.8.0"
  meta:
    dependency: transitive
    description:
      name: meta
      sha256: d584fa6707a52763a52446f02cc621b077888fb63b93bbcb1143a7be5a0c0c04
      url: "https://pub.dev"
    source: hosted
    version: "1.11.0"
  mime:
    dependency: transitive
    description:
      name: mime
      sha256: "2e123074287cc9fd6c09de8336dae606d1ddb88d9ac47358826db698c176a1f2"
      url: "https://pub.dev"
    source: hosted
    version: "1.0.5"
  mime_type:
    dependency: "direct main"
    description:
      name: mime_type
      sha256: "2ad6e67d3d2de9ac0f8ef5352d998fd103cb21351ae8c02fb0c78b079b37d275"
      url: "https://pub.dev"
    source: hosted
    version: "1.0.0"
  nested:
    dependency: transitive
    description:
      name: nested
      sha256: "03bac4c528c64c95c722ec99280375a6f2fc708eec17c7b3f07253b626cd2a20"
      url: "https://pub.dev"
    source: hosted
    version: "1.0.0"
  open_filex:
    dependency: "direct main"
    description:
      name: open_filex
      sha256: "74e2280754cf8161e860746c3181db2c996d6c1909c7057b738ede4a469816b8"
      url: "https://pub.dev"
    source: hosted
    version: "4.4.0"
  path:
    dependency: "direct main"
    description:
      name: path
      sha256: "087ce49c3f0dc39180befefc60fdb4acd8f8620e5682fe2476afd0b3688bb4af"
      url: "https://pub.dev"
    source: hosted
    version: "1.9.0"
  path_provider:
    dependency: "direct main"
    description:
      path: "."
      ref: HEAD
      resolved-ref: "464067f1292d84797110982aec8a5c694bf42ec2"
      url: "https://github.com/kumsumit/path_provider.git"
    source: git
    version: "2.1.2"
  path_provider_android:
    dependency: transitive
    description:
      path: "."
      ref: HEAD
      resolved-ref: "075dfaa8879cb5226a8876ae2b4c3cd91c0da24f"
      url: "https://github.com/kumsumit/path_provider_android.git"
    source: git
    version: "2.2.2"
  path_provider_foundation:
    dependency: transitive
    description:
      path: "."
      ref: HEAD
      resolved-ref: "0c32fae60f23a0568754137db1bab13a8f532ba9"
      url: "https://github.com/kumsumit/path_provider_foundation.git"
    source: git
    version: "2.3.2"
  path_provider_linux:
    dependency: transitive
    description:
      path: "."
      ref: HEAD
      resolved-ref: "150d801243a2f75e2f3b306187d0ba2e3bc03484"
      url: "https://github.com/kumsumit/path_provider_linux.git"
    source: git
    version: "2.2.1"
  path_provider_platform_interface:
    dependency: transitive
    description:
      path: "."
      ref: HEAD
      resolved-ref: cef5a990738087886b5ad8ecc6a2236757a7edb9
      url: "https://github.com/kumsumit/path_provider_platform_interface.git"
    source: git
    version: "2.1.2"
  path_provider_windows:
    dependency: transitive
    description:
      path: "."
      ref: HEAD
      resolved-ref: c867dc01fd2fa9479c18002192a58af6f9b8a9df
      url: "https://github.com/kumsumit/path_provider_windows.git"
    source: git
    version: "2.2.1"
  percent_indicator:
    dependency: "direct main"
    description:
      name: percent_indicator
      sha256: c37099ad833a883c9d71782321cb65c3a848c21b6939b6185f0ff6640d05814c
      url: "https://pub.dev"
    source: hosted
    version: "4.2.3"
  permission_handler:
    dependency: "direct main"
    description:
      path: "."
      ref: HEAD
      resolved-ref: "7fe35b4746fff33b1d2914e4e5117023338eb058"
      url: "https://github.com/kumsumit/permission_handler.git"
    source: git
    version: "11.0.0"
  permission_handler_android:
    dependency: transitive
    description:
      path: "."
      ref: HEAD
      resolved-ref: ceb438aa590be45eab251e031fd0aab8f393f7c1
      url: "https://github.com/kumsumit/permission_handler_android.git"
    source: git
    version: "11.0.1"
  permission_handler_apple:
    dependency: transitive
    description:
      path: "."
      ref: HEAD
      resolved-ref: "4a2a9851826f0fd25a7d32f30b9130000e193dd1"
      url: "https://github.com/kumsumit/permission_handler_apple.git"
    source: git
    version: "9.1.4"
  permission_handler_platform_interface:
    dependency: transitive
    description:
      path: "."
      ref: HEAD
      resolved-ref: dce66af6a4fe41b07043b2e99da6f38fbbb3c7f2
      url: "https://github.com/kumsumit/permission_handler_platform_interface.git"
    source: git
    version: "3.11.5"
  permission_handler_windows:
    dependency: transitive
    description:
      path: "."
      ref: HEAD
      resolved-ref: "1d02a61ff8afc03434f1b7e266d15943f404ae89"
      url: "https://github.com/kumsumit/permission_handler_windows.git"
    source: git
    version: "0.1.3"
  platform:
    dependency: "direct main"
    description:
      name: platform
      sha256: "12220bb4b65720483f8fa9450b4332347737cf8213dd2840d8b2c823e47243ec"
      url: "https://pub.dev"
    source: hosted
    version: "3.1.4"
  plugin_platform_interface:
    dependency: transitive
    description:
      path: "."
      ref: HEAD
      resolved-ref: "0258f99fc7505eebfc1332998552f585cb27751d"
      url: "https://github.com/kumsumit/plugin_platform_interface.git"
    source: git
    version: "2.1.8"
  provider:
    dependency: "direct main"
    description:
      name: provider
      sha256: c8a055ee5ce3fd98d6fc872478b03823ffdb448699c6ebdbbc71d59b596fd48c
      url: "https://pub.dev"
    source: hosted
    version: "6.1.2"
  share_plus:
    dependency: "direct main"
    description:
      path: "."
      ref: HEAD
      resolved-ref: "54ba4c55dd15bb08796f6ba64240902010437561"
      url: "https://github.com/kumsumit/share_plus.git"
    source: git
    version: "9.0.0"
  share_plus_platform_interface:
    dependency: transitive
    description:
      path: "."
      ref: HEAD
      resolved-ref: "54db7e7d1068f5c72cf69617ee523b955feee581"
      url: "https://github.com/kumsumit/share_plus_platform_interface.git"
    source: git
    version: "4.0.0"
  shared_preferences:
    dependency: "direct main"
    description:
      path: "."
      ref: HEAD
      resolved-ref: "40d552944762681e54b586cc4def0d82ebac1917"
      url: "https://github.com/kumsumit/shared_preferences.git"
    source: git
    version: "2.2.3"
  shared_preferences_android:
    dependency: transitive
    description:
      path: "."
      ref: HEAD
      resolved-ref: "4ac56f0197c592d00d16dc170deb19d3863f6bc3"
      url: "https://github.com/kumsumit/shared_preferences_android.git"
    source: git
    version: "2.2.2"
  shared_preferences_foundation:
    dependency: transitive
    description:
      path: "."
      ref: HEAD
      resolved-ref: "4b046ef69023dfb42cf94f5f550190ed74ea8878"
      url: "https://github.com/kumsumit/shared_preferences_foundation.git"
    source: git
    version: "2.3.5"
  shared_preferences_linux:
    dependency: transitive
    description:
      path: "."
      ref: HEAD
      resolved-ref: "54d3d78d25c84e945aa56baaa4d86a36270fcd81"
      url: "https://github.com/kumsumit/shared_preferences_linux.git"
    source: git
    version: "2.3.2"
  shared_preferences_platform_interface:
    dependency: transitive
    description:
      path: "."
      ref: HEAD
      resolved-ref: "922868097bdbcfc2c4606d0d6515c4f407323c1e"
      url: "https://github.com/kumsumit/shared_preferences_platform_interface.git"
    source: git
    version: "2.3.2"
  shared_preferences_web:
    dependency: transitive
    description:
      path: "."
      ref: HEAD
      resolved-ref: "0fe08900348b9e376fa10ec9e4a0fd0eb70f1ade"
      url: "https://github.com/kumsumit/shared_preferences_web.git"
    source: git
    version: "2.3.0"
  shared_preferences_windows:
    dependency: transitive
    description:
      path: "."
      ref: HEAD
      resolved-ref: "8ebd6a6af079f27729d211f80ed5577b344e1b1e"
      url: "https://github.com/kumsumit/shared_preferences_windows.git"
    source: git
    version: "2.3.2"
  sky_engine:
    dependency: transitive
    description: flutter
    source: sdk
    version: "0.0.99"
  source_span:
    dependency: transitive
    description:
      name: source_span
      sha256: "53e943d4206a5e30df338fd4c6e7a077e02254531b138a15aec3bd143c1a8b3c"
      url: "https://pub.dev"
    source: hosted
    version: "1.10.0"
  sprintf:
    dependency: transitive
    description:
      name: sprintf
      sha256: "1fc9ffe69d4df602376b52949af107d8f5703b77cda567c4d7d86a0693120f23"
      url: "https://pub.dev"
    source: hosted
    version: "7.0.0"
  stack_trace:
    dependency: transitive
    description:
      name: stack_trace
      sha256: "73713990125a6d93122541237550ee3352a2d84baad52d375a4cad2eb9b7ce0b"
      url: "https://pub.dev"
    source: hosted
    version: "1.11.1"
  stream_channel:
    dependency: transitive
    description:
      name: stream_channel
      sha256: ba2aa5d8cc609d96bbb2899c28934f9e1af5cddbd60a827822ea467161eb54e7
      url: "https://pub.dev"
    source: hosted
    version: "2.1.2"
  string_scanner:
    dependency: transitive
    description:
      name: string_scanner
      sha256: "556692adab6cfa87322a115640c11f13cb77b3f076ddcc5d6ae3c20242bedcde"
      url: "https://pub.dev"
    source: hosted
    version: "1.2.0"
  term_glyph:
    dependency: transitive
    description:
      name: term_glyph
      sha256: a29248a84fbb7c79282b40b8c72a1209db169a2e0542bce341da992fe1bc7e84
      url: "https://pub.dev"
    source: hosted
    version: "1.2.1"
  test_api:
    dependency: transitive
    description:
      name: test_api
      sha256: "5c2f730018264d276c20e4f1503fd1308dfbbae39ec8ee63c5236311ac06954b"
      url: "https://pub.dev"
    source: hosted
    version: "0.6.1"
  typed_data:
    dependency: transitive
    description:
      name: typed_data
      sha256: facc8d6582f16042dd49f2463ff1bd6e2c9ef9f3d5da3d9b087e244a7b564b3c
      url: "https://pub.dev"
    source: hosted
    version: "1.3.2"
  url_launcher_linux:
    dependency: transitive
    description:
      path: "."
      ref: HEAD
      resolved-ref: f338722453649bc2ae59ef37c29cd5b2f1f4ae46
      url: "https://github.com/kumsumit/url_launcher_linux.git"
    source: git
    version: "3.1.1"
  url_launcher_platform_interface:
    dependency: transitive
    description:
      path: "."
      ref: HEAD
      resolved-ref: a0f439c110362858a0ff16d6d3bdd389634fb0e8
      url: "https://github.com/kumsumit/url_launcher_platform_interface.git"
    source: git
    version: "2.3.2"
  url_launcher_web:
    dependency: transitive
    description:
      path: "."
      ref: HEAD
      resolved-ref: a120bb7a45e8f7346da1c909206851a67106e7b6
      url: "https://github.com/kumsumit/url_launcher_web.git"
    source: git
    version: "2.3.0"
  url_launcher_windows:
    dependency: transitive
    description:
      path: "."
      ref: HEAD
      resolved-ref: "2faf50eb7545f3a6056cc0699c2f0471b0912ac9"
      url: "https://github.com/kumsumit/url_launcher_windows.git"
    source: git
    version: "3.1.1"
  uuid:
    dependency: transitive
    description:
      name: uuid
      sha256: "814e9e88f21a176ae1359149021870e87f7cddaf633ab678a5d2b0bff7fd1ba8"
      url: "https://pub.dev"
    source: hosted
    version: "4.4.0"
  vector_math:
    dependency: transitive
    description:
      name: vector_math
      sha256: "80b3257d1492ce4d091729e3a67a60407d227c27241d6927be0130c98e741803"
      url: "https://pub.dev"
    source: hosted
    version: "2.1.4"
  video_player:
    dependency: "direct main"
    description:
      path: "."
      ref: HEAD
      resolved-ref: "914bb448dd9dc099fb13916b601ba96c6736a8c0"
      url: "https://github.com/kumsumit/video_player.git"
    source: git
    version: "2.8.6"
  video_player_android:
    dependency: transitive
    description:
      path: "."
      ref: HEAD
      resolved-ref: ff0b4192f4a406b46adf12c9c27fb71a26d5e188
      url: "https://github.com/kumsumit/video_player_android.git"
    source: git
    version: "2.4.13"
  video_player_avfoundation:
    dependency: transitive
    description:
      path: "."
      ref: HEAD
      resolved-ref: e59a40acfd8eb69d485712670ccf127c7b52f7fa
      url: "https://github.com/kumsumit/video_player_avfoundation.git"
    source: git
    version: "2.5.7"
  video_player_platform_interface:
    dependency: transitive
    description:
      path: "."
      ref: HEAD
      resolved-ref: b235bcbf90166736d0f0370414498499314f9491
      url: "https://github.com/kumsumit/video_player_platform_interface.git"
    source: git
    version: "6.2.2"
  video_player_web:
    dependency: transitive
    description:
      path: "."
      ref: HEAD
      resolved-ref: "9720ea944dd4aca03098c07a3f9fb31b86b81f08"
      url: "https://github.com/kumsumit/video_player_web.git"
    source: git
    version: "2.3.0"
  vm_service:
    dependency: transitive
    description:
      name: vm_service
      sha256: b3d56ff4341b8f182b96aceb2fa20e3dcb336b9f867bc0eafc0de10f1048e957
      url: "https://pub.dev"
    source: hosted
    version: "13.0.0"
  web:
    dependency: transitive
    description:
      name: web
      sha256: "97da13628db363c635202ad97068d47c5b8aa555808e7a9411963c533b449b27"
      url: "https://pub.dev"
    source: hosted
    version: "0.5.1"
  win32:
    dependency: transitive
    description:
      name: win32
      sha256: "0eaf06e3446824099858367950a813472af675116bf63f008a4c2a75ae13e9cb"
      url: "https://pub.dev"
    source: hosted
    version: "5.5.0"
  win32_registry:
    dependency: transitive
    description:
      name: win32_registry
      sha256: "10589e0d7f4e053f2c61023a31c9ce01146656a70b7b7f0828c0b46d7da2a9bb"
      url: "https://pub.dev"
    source: hosted
    version: "1.1.3"
  xdg_directories:
    dependency: transitive
    description:
      path: "."
      ref: HEAD
      resolved-ref: "410932cf9651a439aa3e2c2f21098cc61e6daa8a"
      url: "https://github.com/kumsumit/xdg_directories.git"
    source: git
    version: "1.0.3"
sdks:
  dart: ">=3.3.4 <4.0.0"
  flutter: ">=3.19.5"
